
Microsoft Visual Studio Solution File, Format Version 12.00
Project("{FAE04EC0-301F-11D3-BF4B-00C04F79EFBC}") = "SpeedyAir", "SpeedyAir\SpeedyAir.csproj", "{4B853E19-19D9-43E2-A848-B6D796AEE98D}"
EndProject
Project("{FAE04EC0-301F-11D3-BF4B-00C04F79EFBC}") = "SpeedyAir.Test", "SpeedyAir.Test\SpeedyAir.Test.csproj", "{5DE0254B-09D7-4541-A320-2C8A41335311}"
EndProject
Global
	GlobalSection(SolutionConfigurationPlatforms) = preSolution
		Debug|Any CPU = Debug|Any CPU
		Release|Any CPU = Release|Any CPU
	EndGlobalSection
	GlobalSection(ProjectConfigurationPlatforms) = postSolution
		{4B853E19-19D9-43E2-A848-B6D796AEE98D}.Debug|Any CPU.ActiveCfg = Debug|Any CPU
		{4B853E19-19D9-43E2-A848-B6D796AEE98D}.Debug|Any CPU.Build.0 = Debug|Any CPU
		{4B853E19-19D9-43E2-A848-B6D796AEE98D}.Release|Any CPU.ActiveCfg = Release|Any CPU
		{4B853E19-19D9-43E2-A848-B6D796AEE98D}.Release|Any CPU.Build.0 = Release|Any CPU
		{5DE0254B-09D7-4541-A320-2C8A41335311}.Debug|Any CPU.ActiveCfg = Debug|Any CPU
		{5DE0254B-09D7-4541-A320-2C8A41335311}.Debug|Any CPU.Build.0 = Debug|Any CPU
		{5DE0254B-09D7-4541-A320-2C8A41335311}.Release|Any CPU.ActiveCfg = Release|Any CPU
		{5DE0254B-09D7-4541-A320-2C8A41335311}.Release|Any CPU.Build.0 = Release|Any CPU
	EndGlobalSection
EndGlobal
